
Microsoft Visual Studio Solution File, Format Version 12.00
# Visual Studio Version 17
VisualStudioVersion = 17.10.35027.167
MinimumVisualStudioVersion = 10.0.40219.1
Project("{FAE04EC0-301F-11D3-BF4B-00C04F79EFBC}") = "wa8", "wa8\wa8.csproj", "{2A9512E8-BCE1-406E-9C19-97A081903DFC}"
EndProject
Global
	GlobalSection(SolutionConfigurationPlatforms) = preSolution
		Debug|Any CPU = Debug|Any CPU
		Release|Any CPU = Release|Any CPU
	EndGlobalSection
	GlobalSection(ProjectConfigurationPlatforms) = postSolution
		{2A9512E8-BCE1-406E-9C19-97A081903DFC}.Debug|Any CPU.ActiveCfg = Debug|Any CPU
		{2A9512E8-BCE1-406E-9C19-97A081903DFC}.Debug|Any CPU.Build.0 = Debug|Any CPU
		{2A9512E8-BCE1-406E-9C19-97A081903DFC}.Release|Any CPU.ActiveCfg = Release|Any CPU
		{2A9512E8-BCE1-406E-9C19-97A081903DFC}.Release|Any CPU.Build.0 = Release|Any CPU
	EndGlobalSection
	GlobalSection(SolutionProperties) = preSolution
		HideSolutionNode = FALSE
	EndGlobalSection
	GlobalSection(ExtensibilityGlobals) = postSolution
		SolutionGuid = {3BB16EA4-85A3-4962-B42D-9975D79B26F1}
	EndGlobalSection
EndGlobal
